
Microsoft Visual Studio Solution File, Format Version 12.00
# Visual Studio Version 17
VisualStudioVersion = 17.2.32616.157
MinimumVisualStudioVersion = 10.0.40219.1
Project("{FAE04EC0-301F-11D3-BF4B-00C04F79EFBC}") = "MyShelf", "MyShelf\MyShelf.csproj", "{96161069-F72A-495F-A15A-19F343EA2D2E}"
EndProject
Global
	GlobalSection(SolutionConfigurationPlatforms) = preSolution
		Debug|Any CPU = Debug|Any CPU
		Release|Any CPU = Release|Any CPU
	EndGlobalSection
	GlobalSection(ProjectConfigurationPlatforms) = postSolution
		{96161069-F72A-495F-A15A-19F343EA2D2E}.Debug|Any CPU.ActiveCfg = Debug|Any CPU
		{96161069-F72A-495F-A15A-19F343EA2D2E}.Debug|Any CPU.Build.0 = Debug|Any CPU
		{96161069-F72A-495F-A15A-19F343EA2D2E}.Release|Any CPU.ActiveCfg = Release|Any CPU
		{96161069-F72A-495F-A15A-19F343EA2D2E}.Release|Any CPU.Build.0 = Release|Any CPU
	EndGlobalSection
	GlobalSection(SolutionProperties) = preSolution
		HideSolutionNode = FALSE
	EndGlobalSection
	GlobalSection(ExtensibilityGlobals) = postSolution
		SolutionGuid = {F8B2D771-EEDF-4EBE-844E-32BF6E6114C8}
	EndGlobalSection
EndGlobal
